
Microsoft Visual Studio Solution File, Format Version 12.00
# Visual Studio Version 17
VisualStudioVersion = 17.14.36121.58 d17.14
MinimumVisualStudioVersion = 10.0.40219.1
Project("{FAE04EC0-301F-11D3-BF4B-00C04F79EFBC}") = "GagaCar", "GagaCar\GagaCar.csproj", "{20A97B1A-999A-4579-A39E-1C8B231DB9FD}"
EndProject
Global
	GlobalSection(SolutionConfigurationPlatforms) = preSolution
		Debug|Any CPU = Debug|Any CPU
		Release|Any CPU = Release|Any CPU
	EndGlobalSection
	GlobalSection(ProjectConfigurationPlatforms) = postSolution
		{20A97B1A-999A-4579-A39E-1C8B231DB9FD}.Debug|Any CPU.ActiveCfg = Debug|Any CPU
		{20A97B1A-999A-4579-A39E-1C8B231DB9FD}.Debug|Any CPU.Build.0 = Debug|Any CPU
		{20A97B1A-999A-4579-A39E-1C8B231DB9FD}.Release|Any CPU.ActiveCfg = Release|Any CPU
		{20A97B1A-999A-4579-A39E-1C8B231DB9FD}.Release|Any CPU.Build.0 = Release|Any CPU
	EndGlobalSection
	GlobalSection(SolutionProperties) = preSolution
		HideSolutionNode = FALSE
	EndGlobalSection
	GlobalSection(ExtensibilityGlobals) = postSolution
		SolutionGuid = {68E8EEAB-D650-4149-BDAF-E3EE2F90D0A5}
	EndGlobalSection
EndGlobal
